
Microsoft Visual Studio Solution File, Format Version 12.00
# Visual Studio Version 16
VisualStudioVersion = 16.0.30611.23
MinimumVisualStudioVersion = 10.0.40219.1
Project("{FAE04EC0-301F-11D3-BF4B-00C04F79EFBC}") = "WpfApp1", "WpfApp1\WpfApp1.csproj", "{FD577633-5F66-42A6-A4F3-1DFA4024BA57}"
EndProject
Global
	GlobalSection(SolutionConfigurationPlatforms) = preSolution
		Debug|Any CPU = Debug|Any CPU
		Release|Any CPU = Release|Any CPU
	EndGlobalSection
	GlobalSection(ProjectConfigurationPlatforms) = postSolution
		{FD577633-5F66-42A6-A4F3-1DFA4024BA57}.Debug|Any CPU.ActiveCfg = Debug|Any CPU
		{FD577633-5F66-42A6-A4F3-1DFA4024BA57}.Debug|Any CPU.Build.0 = Debug|Any CPU
		{FD577633-5F66-42A6-A4F3-1DFA4024BA57}.Release|Any CPU.ActiveCfg = Release|Any CPU
		{FD577633-5F66-42A6-A4F3-1DFA4024BA57}.Release|Any CPU.Build.0 = Release|Any CPU
	EndGlobalSection
	GlobalSection(SolutionProperties) = preSolution
		HideSolutionNode = FALSE
	EndGlobalSection
	GlobalSection(ExtensibilityGlobals) = postSolution
		SolutionGuid = {DE62E4A9-D23C-4288-B9E1-26EC5A630018}
	EndGlobalSection
EndGlobal
